
Microsoft Visual Studio Solution File, Format Version 12.00
# Visual Studio 15
VisualStudioVersion = 15.0.27703.2047
MinimumVisualStudioVersion = 10.0.40219.1
Project("{FAE04EC0-301F-11D3-BF4B-00C04F79EFBC}") = "OWIN-Demo", "OWIN-Demo\OWIN-Demo.csproj", "{97B168C0-8D46-40F1-8900-34BC72FF2C3F}"
EndProject
Global
	GlobalSection(SolutionConfigurationPlatforms) = preSolution
		Debug|Any CPU = Debug|Any CPU
		Release|Any CPU = Release|Any CPU
	EndGlobalSection
	GlobalSection(ProjectConfigurationPlatforms) = postSolution
		{97B168C0-8D46-40F1-8900-34BC72FF2C3F}.Debug|Any CPU.ActiveCfg = Debug|Any CPU
		{97B168C0-8D46-40F1-8900-34BC72FF2C3F}.Debug|Any CPU.Build.0 = Debug|Any CPU
		{97B168C0-8D46-40F1-8900-34BC72FF2C3F}.Release|Any CPU.ActiveCfg = Release|Any CPU
		{97B168C0-8D46-40F1-8900-34BC72FF2C3F}.Release|Any CPU.Build.0 = Release|Any CPU
	EndGlobalSection
	GlobalSection(SolutionProperties) = preSolution
		HideSolutionNode = FALSE
	EndGlobalSection
	GlobalSection(ExtensibilityGlobals) = postSolution
		SolutionGuid = {2AD34DAB-8B7A-4553-8D65-5D7689C71053}
	EndGlobalSection
EndGlobal
